
Microsoft Visual Studio Solution File, Format Version 12.00
# Visual Studio 15
VisualStudioVersion = 15.0.26730.12
MinimumVisualStudioVersion = 10.0.40219.1
Project("{FAE04EC0-301F-11D3-BF4B-00C04F79EFBC}") = "OracleCon", "OracleCon\OracleCon.csproj", "{521CF3A5-4958-41D5-8A54-6FD882BCF1F3}"
EndProject
Global
	GlobalSection(SolutionConfigurationPlatforms) = preSolution
		Debug|Any CPU = Debug|Any CPU
		Release|Any CPU = Release|Any CPU
	EndGlobalSection
	GlobalSection(ProjectConfigurationPlatforms) = postSolution
		{521CF3A5-4958-41D5-8A54-6FD882BCF1F3}.Debug|Any CPU.ActiveCfg = Debug|Any CPU
		{521CF3A5-4958-41D5-8A54-6FD882BCF1F3}.Debug|Any CPU.Build.0 = Debug|Any CPU
		{521CF3A5-4958-41D5-8A54-6FD882BCF1F3}.Release|Any CPU.ActiveCfg = Release|Any CPU
		{521CF3A5-4958-41D5-8A54-6FD882BCF1F3}.Release|Any CPU.Build.0 = Release|Any CPU
	EndGlobalSection
	GlobalSection(SolutionProperties) = preSolution
		HideSolutionNode = FALSE
	EndGlobalSection
	GlobalSection(ExtensibilityGlobals) = postSolution
		SolutionGuid = {D812929F-257D-40C8-BC74-F7500D141858}
	EndGlobalSection
EndGlobal
